
Microsoft Visual Studio Solution File, Format Version 12.00
# Visual Studio Version 17
VisualStudioVersion = 17.13.35806.99 d17.13
MinimumVisualStudioVersion = 10.0.40219.1
Project("{FAE04EC0-301F-11D3-BF4B-00C04F79EFBC}") = "notebodia_api", "notebodia_api\notebodia_api.csproj", "{4445EEBF-3D00-42C1-9D06-A2EA0EEFC14C}"
EndProject
Global
	GlobalSection(SolutionConfigurationPlatforms) = preSolution
		Debug|Any CPU = Debug|Any CPU
		Release|Any CPU = Release|Any CPU
	EndGlobalSection
	GlobalSection(ProjectConfigurationPlatforms) = postSolution
		{4445EEBF-3D00-42C1-9D06-A2EA0EEFC14C}.Debug|Any CPU.ActiveCfg = Debug|Any CPU
		{4445EEBF-3D00-42C1-9D06-A2EA0EEFC14C}.Debug|Any CPU.Build.0 = Debug|Any CPU
		{4445EEBF-3D00-42C1-9D06-A2EA0EEFC14C}.Release|Any CPU.ActiveCfg = Release|Any CPU
		{4445EEBF-3D00-42C1-9D06-A2EA0EEFC14C}.Release|Any CPU.Build.0 = Release|Any CPU
	EndGlobalSection
	GlobalSection(SolutionProperties) = preSolution
		HideSolutionNode = FALSE
	EndGlobalSection
	GlobalSection(ExtensibilityGlobals) = postSolution
		SolutionGuid = {3F2E310D-B8A7-45FE-B09E-66FBB40848AD}
	EndGlobalSection
EndGlobal
